// !$*UTF8*$!
{
	archiveVersion = 1;
	classes = {
	};
	objectVersion = 46;
	objects = {

/* Begin PBXBuildFile section */
		B351F1541E24524900037609 /* Rat.cpp in Sources */ = {isa = PBXBuildFile; fileRef = B351F1521E24524900037609 /* Rat.cpp */; };
		B351F1571E24525A00037609 /* Player.cpp in Sources */ = {isa = PBXBuildFile; fileRef = B351F1551E24525A00037609 /* Player.cpp */; };
		B351F15A1E24526E00037609 /* History.cpp in Sources */ = {isa = PBXBuildFile; fileRef = B351F1581E24526E00037609 /* History.cpp */; };
		B351F15D1E24527800037609 /* Arena.cpp in Sources */ = {isa = PBXBuildFile; fileRef = B351F15B1E24527800037609 /* Arena.cpp */; };
		B351F1601E24528B00037609 /* Game.cpp in Sources */ = {isa = PBXBuildFile; fileRef = B351F15E1E24528B00037609 /* Game.cpp */; };
		B351F1621E24529B00037609 /* utilities.cpp in Sources */ = {isa = PBXBuildFile; fileRef = B351F1611E24529B00037609 /* utilities.cpp */; };
		B351F19B1E2C72C100037609 /* 12.cpp in Sources */ = {isa = PBXBuildFile; fileRef = B351F1741E27EF2E00037609 /* 12.cpp */; };
/* End PBXBuildFile section */

/* Begin PBXCopyFilesBuildPhase section */
		B351F1431E244F1E00037609 /* CopyFiles */ = {
			isa = PBXCopyFilesBuildPhase;
			buildActionMask = 2147483647;
			dstPath = /usr/share/man/man1/;
			dstSubfolderSpec = 0;
			files = (
			);
			runOnlyForDeploymentPostprocessing = 1;
		};
/* End PBXCopyFilesBuildPhase section */

/* Begin PBXFileReference section */
		B351F1451E244F1E00037609 /* P1 */ = {isa = PBXFileReference; explicitFileType = "compiled.mach-o.executable"; includeInIndex = 0; path = P1; sourceTree = BUILT_PRODUCTS_DIR; };
		B351F1481E244F1E00037609 /* main.cpp */ = {isa = PBXFileReference; lastKnownFileType = sourcecode.cpp.cpp; path = main.cpp; sourceTree = "<group>"; };
		B351F1521E24524900037609 /* Rat.cpp */ = {isa = PBXFileReference; fileEncoding = 4; lastKnownFileType = sourcecode.cpp.cpp; path = Rat.cpp; sourceTree = "<group>"; };
		B351F1531E24524900037609 /* Rat.h */ = {isa = PBXFileReference; fileEncoding = 4; lastKnownFileType = sourcecode.c.h; path = Rat.h; sourceTree = "<group>"; };
		B351F1551E24525A00037609 /* Player.cpp */ = {isa = PBXFileReference; fileEncoding = 4; lastKnownFileType = sourcecode.cpp.cpp; path = Player.cpp; sourceTree = "<group>"; };
		B351F1561E24525A00037609 /* Player.h */ = {isa = PBXFileReference; fileEncoding = 4; lastKnownFileType = sourcecode.c.h; path = Player.h; sourceTree = "<group>"; };
		B351F1581E24526E00037609 /* History.cpp */ = {isa = PBXFileReference; fileEncoding = 4; lastKnownFileType = sourcecode.cpp.cpp; path = History.cpp; sourceTree = "<group>"; };
		B351F1591E24526E00037609 /* History.h */ = {isa = PBXFileReference; fileEncoding = 4; lastKnownFileType = sourcecode.c.h; path = History.h; sourceTree = "<group>"; };
		B351F15B1E24527800037609 /* Arena.cpp */ = {isa = PBXFileReference; fileEncoding = 4; lastKnownFileType = sourcecode.cpp.cpp; path = Arena.cpp; sourceTree = "<group>"; };
		B351F15C1E24527800037609 /* Arena.h */ = {isa = PBXFileReference; fileEncoding = 4; lastKnownFileType = sourcecode.c.h; path = Arena.h; sourceTree = "<group>"; };
		B351F15E1E24528B00037609 /* Game.cpp */ = {isa = PBXFileReference; fileEncoding = 4; lastKnownFileType = sourcecode.cpp.cpp; path = Game.cpp; sourceTree = "<group>"; };
		B351F15F1E24528B00037609 /* Game.h */ = {isa = PBXFileReference; fileEncoding = 4; lastKnownFileType = sourcecode.c.h; path = Game.h; sourceTree = "<group>"; };
		B351F1611E24529B00037609 /* utilities.cpp */ = {isa = PBXFileReference; fileEncoding = 4; lastKnownFileType = sourcecode.cpp.cpp; path = utilities.cpp; sourceTree = "<group>"; };
		B351F1631E2452B300037609 /* globals.h */ = {isa = PBXFileReference; lastKnownFileType = sourcecode.c.h; path = globals.h; sourceTree = "<group>"; };
		B351F1691E27EF2E00037609 /* 1.cpp */ = {isa = PBXFileReference; fileEncoding = 4; lastKnownFileType = sourcecode.cpp.cpp; name = 1.cpp; path = Mains/1.cpp; sourceTree = SOURCE_ROOT; };
		B351F16A1E27EF2E00037609 /* 2.cpp */ = {isa = PBXFileReference; fileEncoding = 4; lastKnownFileType = sourcecode.cpp.cpp; name = 2.cpp; path = Mains/2.cpp; sourceTree = SOURCE_ROOT; };
		B351F16B1E27EF2E00037609 /* 3.cpp */ = {isa = PBXFileReference; fileEncoding = 4; lastKnownFileType = sourcecode.cpp.cpp; name = 3.cpp; path = Mains/3.cpp; sourceTree = SOURCE_ROOT; };
		B351F16C1E27EF2E00037609 /* 4.cpp */ = {isa = PBXFileReference; fileEncoding = 4; lastKnownFileType = sourcecode.cpp.cpp; name = 4.cpp; path = Mains/4.cpp; sourceTree = SOURCE_ROOT; };
		B351F16D1E27EF2E00037609 /* 5.cpp */ = {isa = PBXFileReference; fileEncoding = 4; lastKnownFileType = sourcecode.cpp.cpp; name = 5.cpp; path = Mains/5.cpp; sourceTree = SOURCE_ROOT; };
		B351F16E1E27EF2E00037609 /* 6.cpp */ = {isa = PBXFileReference; fileEncoding = 4; lastKnownFileType = sourcecode.cpp.cpp; name = 6.cpp; path = Mains/6.cpp; sourceTree = SOURCE_ROOT; };
		B351F16F1E27EF2E00037609 /* 7.cpp */ = {isa = PBXFileReference; fileEncoding = 4; lastKnownFileType = sourcecode.cpp.cpp; name = 7.cpp; path = Mains/7.cpp; sourceTree = SOURCE_ROOT; };
		B351F1701E27EF2E00037609 /* 8.cpp */ = {isa = PBXFileReference; fileEncoding = 4; lastKnownFileType = sourcecode.cpp.cpp; name = 8.cpp; path = Mains/8.cpp; sourceTree = SOURCE_ROOT; };
		B351F1711E27EF2E00037609 /* 9.cpp */ = {isa = PBXFileReference; fileEncoding = 4; lastKnownFileType = sourcecode.cpp.cpp; name = 9.cpp; path = Mains/9.cpp; sourceTree = SOURCE_ROOT; };
		B351F1721E27EF2E00037609 /* 10.cpp */ = {isa = PBXFileReference; fileEncoding = 4; lastKnownFileType = sourcecode.cpp.cpp; name = 10.cpp; path = Mains/10.cpp; sourceTree = SOURCE_ROOT; };
		B351F1731E27EF2E00037609 /* 11.cpp */ = {isa = PBXFileReference; fileEncoding = 4; lastKnownFileType = sourcecode.cpp.cpp; name = 11.cpp; path = Mains/11.cpp; sourceTree = SOURCE_ROOT; };
		B351F1741E27EF2E00037609 /* 12.cpp */ = {isa = PBXFileReference; fileEncoding = 4; lastKnownFileType = sourcecode.cpp.cpp; name = 12.cpp; path = Mains/12.cpp; sourceTree = SOURCE_ROOT; };
/* End PBXFileReference section */

/* Begin PBXFrameworksBuildPhase section */
		B351F1421E244F1E00037609 /* Frameworks */ = {
			isa = PBXFrameworksBuildPhase;
			buildActionMask = 2147483647;
			files = (
			);
			runOnlyForDeploymentPostprocessing = 0;
		};
/* End PBXFrameworksBuildPhase section */

/* Begin PBXGroup section */
		B351F13C1E244F1E00037609 = {
			isa = PBXGroup;
			children = (
				B351F1471E244F1E00037609 /* P1 */,
				B351F1461E244F1E00037609 /* Products */,
			);
			sourceTree = "<group>";
		};
		B351F1461E244F1E00037609 /* Products */ = {
			isa = PBXGroup;
			children = (
				B351F1451E244F1E00037609 /* P1 */,
			);
			name = Products;
			sourceTree = "<group>";
		};
		B351F1471E244F1E00037609 /* P1 */ = {
			isa = PBXGroup;
			children = (
				B351F1481E244F1E00037609 /* main.cpp */,
				B351F1691E27EF2E00037609 /* 1.cpp */,
				B351F16A1E27EF2E00037609 /* 2.cpp */,
				B351F16B1E27EF2E00037609 /* 3.cpp */,
				B351F16C1E27EF2E00037609 /* 4.cpp */,
				B351F16D1E27EF2E00037609 /* 5.cpp */,
				B351F16E1E27EF2E00037609 /* 6.cpp */,
				B351F16F1E27EF2E00037609 /* 7.cpp */,
				B351F1701E27EF2E00037609 /* 8.cpp */,
				B351F1711E27EF2E00037609 /* 9.cpp */,
				B351F1721E27EF2E00037609 /* 10.cpp */,
				B351F1731E27EF2E00037609 /* 11.cpp */,
				B351F1741E27EF2E00037609 /* 12.cpp */,
				B351F1521E24524900037609 /* Rat.cpp */,
				B351F1531E24524900037609 /* Rat.h */,
				B351F1551E24525A00037609 /* Player.cpp */,
				B351F1561E24525A00037609 /* Player.h */,
				B351F1581E24526E00037609 /* History.cpp */,
				B351F1591E24526E00037609 /* History.h */,
				B351F15B1E24527800037609 /* Arena.cpp */,
				B351F15C1E24527800037609 /* Arena.h */,
				B351F15E1E24528B00037609 /* Game.cpp */,
				B351F15F1E24528B00037609 /* Game.h */,
				B351F1611E24529B00037609 /* utilities.cpp */,
				B351F1631E2452B300037609 /* globals.h */,
			);
			path = P1;
			sourceTree = "<group>";
		};
/* End PBXGroup section */

/* Begin PBXNativeTarget section */
		B351F1441E244F1E00037609 /* P1 */ = {
			isa = PBXNativeTarget;
			buildConfigurationList = B351F14C1E244F1E00037609 /* Build configuration list for PBXNativeTarget "P1" */;
			buildPhases = (
				B351F1411E244F1E00037609 /* Sources */,
				B351F1421E244F1E00037609 /* Frameworks */,
				B351F1431E244F1E00037609 /* CopyFiles */,
			);
			buildRules = (
			);
			dependencies = (
			);
			name = P1;
			productName = P1;
			productReference = B351F1451E244F1E00037609 /* P1 */;
			productType = "com.apple.product-type.tool";
		};
/* End PBXNativeTarget section */

/* Begin PBXProject section */
		B351F13D1E244F1E00037609 /* Project object */ = {
			isa = PBXProject;
			attributes = {
				LastUpgradeCheck = 0820;
				ORGANIZATIONNAME = QT;
				TargetAttributes = {
					B351F1441E244F1E00037609 = {
						CreatedOnToolsVersion = 8.2.1;
						ProvisioningStyle = Automatic;
					};
				};
			};
			buildConfigurationList = B351F1401E244F1E00037609 /* Build configuration list for PBXProject "P1" */;
			compatibilityVersion = "Xcode 3.2";
			developmentRegion = English;
			hasScannedForEncodings = 0;
			knownRegions = (
				en,
			);
			mainGroup = B351F13C1E244F1E00037609;
			productRefGroup = B351F1461E244F1E00037609 /* Products */;
			projectDirPath = "";
			projectRoot = "";
			targets = (
				B351F1441E244F1E00037609 /* P1 */,
			);
		};
/* End PBXProject section */

/* Begin PBXSourcesBuildPhase section */
		B351F1411E244F1E00037609 /* Sources */ = {
			isa = PBXSourcesBuildPhase;
			buildActionMask = 2147483647;
			files = (
				B351F1541E24524900037609 /* Rat.cpp in Sources */,
				B351F15D1E24527800037609 /* Arena.cpp in Sources */,
				B351F1601E24528B00037609 /* Game.cpp in Sources */,
				B351F15A1E24526E00037609 /* History.cpp in Sources */,
				B351F1621E24529B00037609 /* utilities.cpp in Sources */,
				B351F1571E24525A00037609 /* Player.cpp in Sources */,
				B351F19B1E2C72C100037609 /* 12.cpp in Sources */,
			);
			runOnlyForDeploymentPostprocessing = 0;
		};
/* End PBXSourcesBuildPhase section */

/* Begin XCBuildConfiguration section */
		B351F14A1E244F1E00037609 /* Debug */ = {
			isa = XCBuildConfiguration;
			buildSettings = {
				ALWAYS_SEARCH_USER_PATHS = NO;
				CLANG_ANALYZER_NONNULL = YES;
				CLANG_CXX_LANGUAGE_STANDARD = "gnu++0x";
				CLANG_CXX_LIBRARY = "libc++";
				CLANG_ENABLE_MODULES = YES;
				CLANG_ENABLE_OBJC_ARC = YES;
				CLANG_WARN_BOOL_CONVERSION = YES;
				CLANG_WARN_CONSTANT_CONVERSION = YES;
				CLANG_WARN_DIRECT_OBJC_ISA_USAGE = YES_ERROR;
				CLANG_WARN_DOCUMENTATION_COMMENTS = YES;
				CLANG_WARN_EMPTY_BODY = YES;
				CLANG_WARN_ENUM_CONVERSION = YES;
				CLANG_WARN_INFINITE_RECURSION = YES;
				CLANG_WARN_INT_CONVERSION = YES;
				CLANG_WARN_OBJC_ROOT_CLASS = YES_ERROR;
				CLANG_WARN_SUSPICIOUS_MOVE = YES;
				CLANG_WARN_UNREACHABLE_CODE = YES;
				CLANG_WARN__DUPLICATE_METHOD_MATCH = YES;
				CODE_SIGN_IDENTITY = "-";
				COPY_PHASE_STRIP = NO;
				DEBUG_INFORMATION_FORMAT = dwarf;
				ENABLE_STRICT_OBJC_MSGSEND = YES;
				ENABLE_TESTABILITY = YES;
				GCC_C_LANGUAGE_STANDARD = gnu99;
				GCC_DYNAMIC_NO_PIC = NO;
				GCC_NO_COMMON_BLOCKS = YES;
				GCC_OPTIMIZATION_LEVEL = 0;
				GCC_PREPROCESSOR_DEFINITIONS = (
					"DEBUG=1",
					"$(inherited)",
				);
				GCC_WARN_64_TO_32_BIT_CONVERSION = YES;
				GCC_WARN_ABOUT_RETURN_TYPE = YES_ERROR;
				GCC_WARN_UNDECLARED_SELECTOR = YES;
				GCC_WARN_UNINITIALIZED_AUTOS = YES_AGGRESSIVE;
				GCC_WARN_UNUSED_FUNCTION = YES;
				GCC_WARN_UNUSED_VARIABLE = YES;
				MACOSX_DEPLOYMENT_TARGET = 10.12;
				MTL_ENABLE_DEBUG_INFO = YES;
				ONLY_ACTIVE_ARCH = YES;
				SDKROOT = macosx;
			};
			name = Debug;
		};
		B351F14B1E244F1E00037609 /* Release */ = {
			isa = XCBuildConfiguration;
			buildSettings = {
				ALWAYS_SEARCH_USER_PATHS = NO;
				CLANG_ANALYZER_NONNULL = YES;
				CLANG_CXX_LANGUAGE_STANDARD = "gnu++0x";
				CLANG_CXX_LIBRARY = "libc++";
				CLANG_ENABLE_MODULES = YES;
				CLANG_ENABLE_OBJC_ARC = YES;
				CLANG_WARN_BOOL_CONVERSION = YES;
				CLANG_WARN_CONSTANT_CONVERSION = YES;
				CLANG_WARN_DIRECT_OBJC_ISA_USAGE = YES_ERROR;
				CLANG_WARN_DOCUMENTATION_COMMENTS = YES;
				CLANG_WARN_EMPTY_BODY = YES;
				CLANG_WARN_ENUM_CONVERSION = YES;
				CLANG_WARN_INFINITE_RECURSION = YES;
				CLANG_WARN_INT_CONVERSION = YES;
				CLANG_WARN_OBJC_ROOT_CLASS = YES_ERROR;
				CLANG_WARN_SUSPICIOUS_MOVE = YES;
				CLANG_WARN_UNREACHABLE_CODE = YES;
				CLANG_WARN__DUPLICATE_METHOD_MATCH = YES;
				CODE_SIGN_IDENTITY = "-";
				COPY_PHASE_STRIP = NO;
				DEBUG_INFORMATION_FORMAT = "dwarf-with-dsym";
				ENABLE_NS_ASSERTIONS = NO;
				ENABLE_STRICT_OBJC_MSGSEND = YES;
				GCC_C_LANGUAGE_STANDARD = gnu99;
				GCC_NO_COMMON_BLOCKS = YES;
				GCC_WARN_64_TO_32_BIT_CONVERSION = YES;
				GCC_WARN_ABOUT_RETURN_TYPE = YES_ERROR;
				GCC_WARN_UNDECLARED_SELECTOR = YES;
				GCC_WARN_UNINITIALIZED_AUTOS = YES_AGGRESSIVE;
				GCC_WARN_UNUSED_FUNCTION = YES;
				GCC_WARN_UNUSED_VARIABLE = YES;
				MACOSX_DEPLOYMENT_TARGET = 10.12;
				MTL_ENABLE_DEBUG_INFO = NO;
				SDKROOT = macosx;
			};
			name = Release;
		};
		B351F14D1E244F1E00037609 /* Debug */ = {
			isa = XCBuildConfiguration;
			buildSettings = {
				PRODUCT_NAME = "$(TARGET_NAME)";
			};
			name = Debug;
		};
		B351F14E1E244F1E00037609 /* Release */ = {
			isa = XCBuildConfiguration;
			buildSettings = {
				PRODUCT_NAME = "$(TARGET_NAME)";
			};
			name = Release;
		};
/* End XCBuildConfiguration section */

/* Begin XCConfigurationList section */
		B351F1401E244F1E00037609 /* Build configuration list for PBXProject "P1" */ = {
			isa = XCConfigurationList;
			buildConfigurations = (
				B351F14A1E244F1E00037609 /* Debug */,
				B351F14B1E244F1E00037609 /* Release */,
			);
			defaultConfigurationIsVisible = 0;
			defaultConfigurationName = Release;
		};
		B351F14C1E244F1E00037609 /* Build configuration list for PBXNativeTarget "P1" */ = {
			isa = XCConfigurationList;
			buildConfigurations = (
				B351F14D1E244F1E00037609 /* Debug */,
				B351F14E1E244F1E00037609 /* Release */,
			);
			defaultConfigurationIsVisible = 0;
			defaultConfigurationName = Release;
		};
/* End XCConfigurationList section */
	};
	rootObject = B351F13D1E244F1E00037609 /* Project object */;
}
